# THIS IS AN AUTOGENERATED FILE. DO NOT EDIT THIS FILE DIRECTLY.
# yarn lockfile v1


"@masx200/async-task-current-limiter@^1.0.9":
  version "1.0.9"
  resolved "https://registry.npm.taobao.org/@masx200/async-task-current-limiter/download/@masx200/async-task-current-limiter-1.0.9.tgz#23ca138e4cf6b5dbc30844475394ae3154a951dc"
  integrity sha1-I8oTjkz2tdvDCERHU5SuMVSpUdw=
  dependencies:
    "@masx200/event-emitter-target" "^1.1.7"

"@masx200/event-emitter-target@^1.1.7":
  version "1.1.7"
  resolved "https://registry.npm.taobao.org/@masx200/event-emitter-target/download/@masx200/event-emitter-target-1.1.7.tgz#11757a805314886ecb54a5aa5fab6815b33b0913"
  integrity sha1-EXV6gFMUiG7LVKWqX6toFbM7CRM=

"@masx200/mini-cli-args-parser@^1.0.0":
  version "1.0.0"
  resolved "https://registry.npm.taobao.org/@masx200/mini-cli-args-parser/download/@masx200/mini-cli-args-parser-1.0.0.tgz#ac25d4ee8412633b001457512c5216b30f2e546c"
  integrity sha1-rCXU7oQSYzsAFFdRLFIWsw8uVGw=

"@microsoft/api-extractor-model@7.8.11":
  version "7.8.11"
  resolved "https://registry.npm.taobao.org/@microsoft/api-extractor-model/download/@microsoft/api-extractor-model-7.8.11.tgz?cache=0&sync_timestamp=1593103549432&other_urls=https%3A%2F%2Fregistry.npm.taobao.org%2F%40microsoft%2Fapi-extractor-model%2Fdownload%2F%40microsoft%2Fapi-extractor-model-7.8.11.tgz#641664307584f4c8dbd38b3cf3cd618b7a092643"
  integrity sha1-ZBZkMHWE9Mjb04s8881hi3oJJkM=
  dependencies:
    "@microsoft/tsdoc" "0.12.19"
    "@rushstack/node-core-library" "3.24.4"

"@microsoft/api-extractor@^7.8.15":
  version "7.8.15"
  resolved "https://registry.npm.taobao.org/@microsoft/api-extractor/download/@microsoft/api-extractor-7.8.15.tgz#f5392de83cfd21906e1aed73638d126e3b67a00e"
  integrity sha1-9Tkt6Dz9IZBuGu1zY40SbjtnoA4=
  dependencies:
    "@microsoft/api-extractor-model" "7.8.11"
    "@microsoft/tsdoc" "0.12.19"
    "@rushstack/node-core-library" "3.24.4"
    "@rushstack/ts-command-line" "4.4.5"
    colors "~1.2.1"
    lodash "~4.17.15"
    resolve "~1.17.0"
    source-map "~0.6.1"
    typescript "~3.7.2"

"@microsoft/tsdoc@0.12.19":
  version "0.12.19"
  resolved "https://registry.npm.taobao.org/@microsoft/tsdoc/download/@microsoft/tsdoc-0.12.19.tgz#2173ccb92469aaf62031fa9499d21b16d07f9b57"
  integrity sha1-IXPMuSRpqvYgMfqUmdIbFtB/m1c=

"@rushstack/node-core-library@3.24.4":
  version "3.24.4"
  resolved "https://registry.npm.taobao.org/@rushstack/node-core-library/download/@rushstack/node-core-library-3.24.4.tgz?cache=0&sync_timestamp=1593103569836&other_urls=https%3A%2F%2Fregistry.npm.taobao.org%2F%40rushstack%2Fnode-core-library%2Fdownload%2F%40rushstack%2Fnode-core-library-3.24.4.tgz#0ec278329e1b0db7d9eda077583f41c37722daf7"
  integrity sha1-DsJ4Mp4bDbfZ7aB3WD9Bw3ci2vc=
  dependencies:
    "@types/node" "10.17.13"
    colors "~1.2.1"
    fs-extra "~7.0.1"
    jju "~1.4.0"
    semver "~5.3.0"
    timsort "~0.3.0"
    z-schema "~3.18.3"

"@rushstack/ts-command-line@4.4.5":
  version "4.4.5"
  resolved "https://registry.npm.taobao.org/@rushstack/ts-command-line/download/@rushstack/ts-command-line-4.4.5.tgz?cache=0&sync_timestamp=1593103578039&other_urls=https%3A%2F%2Fregistry.npm.taobao.org%2F%40rushstack%2Fts-command-line%2Fdownload%2F%40rushstack%2Fts-command-line-4.4.5.tgz#924a810177a821571297925dfdd04563d28fe2ab"
  integrity sha1-kkqBAXeoIVcSl5Jd/dBFY9KP4qs=
  dependencies:
    "@types/argparse" "1.0.38"
    argparse "~1.0.9"
    colors "~1.2.1"

"@types/argparse@1.0.38":
  version "1.0.38"
  resolved "https://registry.npm.taobao.org/@types/argparse/download/@types/argparse-1.0.38.tgz#a81fd8606d481f873a3800c6ebae4f1d768a56a9"
  integrity sha1-qB/YYG1IH4c6OADG665PHXaKVqk=

"@types/bson@*":
  version "4.0.2"
  resolved "https://registry.npm.taobao.org/@types/bson/download/@types/bson-4.0.2.tgz#7accb85942fc39bbdb7515d4de437c04f698115f"
  integrity sha1-esy4WUL8ObvbdRXU3kN8BPaYEV8=
  dependencies:
    "@types/node" "*"

"@types/btoa@^1.2.3":
  version "1.2.3"
  resolved "https://registry.npm.taobao.org/@types/btoa/download/@types/btoa-1.2.3.tgz#2c8e7093f902bf8f0e10992a731a4996aa1a5732"
  integrity sha1-LI5wk/kCv48OEJkqcxpJlqoaVzI=
  dependencies:
    "@types/node" "*"

"@types/cookie@^0.4.0":
  version "0.4.0"
  resolved "https://registry.npm.taobao.org/@types/cookie/download/@types/cookie-0.4.0.tgz#14f854c0f93d326e39da6e3b6f34f7d37513d108"
  integrity sha1-FPhUwPk9Mm452m47bzT303UT0Qg=

"@types/fs-extra@^9.0.1":
  version "9.0.1"
  resolved "https://registry.npm.taobao.org/@types/fs-extra/download/@types/fs-extra-9.0.1.tgz#91c8fc4c51f6d5dbe44c2ca9ab09310bd00c7918"
  integrity sha1-kcj8TFH21dvkTCypqwkxC9AMeRg=
  dependencies:
    "@types/node" "*"

"@types/mongodb@*":
  version "3.5.20"
  resolved "https://registry.npm.taobao.org/@types/mongodb/download/@types/mongodb-3.5.20.tgz#4065afc55b6275d0dd8e831fa421018475d54d56"
  integrity sha1-QGWvxVtiddDdjoMfpCEBhHXVTVY=
  dependencies:
    "@types/bson" "*"
    "@types/node" "*"

"@types/mongoose@^5.7.28":
  version "5.7.28"
  resolved "https://registry.npm.taobao.org/@types/mongoose/download/@types/mongoose-5.7.28.tgz#99385892962e51649d3a40912f2a6f2629558d89"
  integrity sha1-mThYkpYuUWSdOkCRLypvJilVjYk=
  dependencies:
    "@types/mongodb" "*"
    "@types/node" "*"

"@types/node-fetch@^2.5.7":
  version "2.5.7"
  resolved "https://registry.npm.taobao.org/@types/node-fetch/download/@types/node-fetch-2.5.7.tgz#20a2afffa882ab04d44ca786449a276f9f6bbf3c"
  integrity sha1-IKKv/6iCqwTUTKeGRJonb59rvzw=
  dependencies:
    "@types/node" "*"
    form-data "^3.0.0"

"@types/node@*":
  version "14.0.11"
  resolved "https://registry.npm.taobao.org/@types/node/download/@types/node-14.0.11.tgz#61d4886e2424da73b7b25547f59fdcb534c165a3"
  integrity sha1-YdSIbiQk2nO3slVH9Z/ctTTBZaM=

"@types/node@10.17.13":
  version "10.17.13"
  resolved "https://registry.npm.taobao.org/@types/node/download/@types/node-10.17.13.tgz#ccebcdb990bd6139cd16e84c39dc2fb1023ca90c"
  integrity sha1-zOvNuZC9YTnNFuhMOdwvsQI8qQw=

"@types/node@^14.0.14":
  version "14.0.14"
  resolved "https://registry.npm.taobao.org/@types/node/download/@types/node-14.0.14.tgz?cache=0&sync_timestamp=1592987751085&other_urls=https%3A%2F%2Fregistry.npm.taobao.org%2F%40types%2Fnode%2Fdownload%2F%40types%2Fnode-14.0.14.tgz#24a0b5959f16ac141aeb0c5b3cd7a15b7c64cbce"
  integrity sha1-JKC1lZ8WrBQa6wxbPNehW3xky84=

abort-controller@^3.0.0:
  version "3.0.0"
  resolved "https://registry.npm.taobao.org/abort-controller/download/abort-controller-3.0.0.tgz#eaf54d53b62bae4138e809ca225c8439a6efb392"
  integrity sha1-6vVNU7YrrkE46AnKIlyEOabvs5I=
  dependencies:
    event-target-shim "^5.0.0"

argparse@~1.0.9:
  version "1.0.10"
  resolved "https://registry.npm.taobao.org/argparse/download/argparse-1.0.10.tgz#bcd6791ea5ae09725e17e5ad988134cd40b3d911"
  integrity sha1-vNZ5HqWuCXJeF+WtmIE0zUCz2RE=
  dependencies:
    sprintf-js "~1.0.2"

asynckit@^0.4.0:
  version "0.4.0"
  resolved "https://registry.npm.taobao.org/asynckit/download/asynckit-0.4.0.tgz#c79ed97f7f34cb8f2ba1bc9790bcc366474b4b79"
  integrity sha1-x57Zf380y48robyXkLzDZkdLS3k=

at-least-node@^1.0.0:
  version "1.0.0"
  resolved "https://registry.npm.taobao.org/at-least-node/download/at-least-node-1.0.0.tgz#602cd4b46e844ad4effc92a8011a3c46e0238dc2"
  integrity sha1-YCzUtG6EStTv/JKoARo8RuAjjcI=

bl@^2.2.0:
  version "2.2.1"
  resolved "https://registry.yarnpkg.com/bl/-/bl-2.2.1.tgz#8c11a7b730655c5d56898cdc871224f40fd901d5"
  integrity sha512-6Pesp1w0DEX1N550i/uGV/TqucVL4AM/pgThFSN/Qq9si1/DF9aIHs1BxD8V/QU0HoeHO6cQRTAuYnLPKq1e4g==
  dependencies:
    readable-stream "^2.3.5"
    safe-buffer "^5.1.1"

bluebird@3.5.1:
  version "3.5.1"
  resolved "https://registry.npm.taobao.org/bluebird/download/bluebird-3.5.1.tgz#d9551f9de98f1fcda1e683d17ee91a0602ee2eb9"
  integrity sha1-2VUfnemPH82h5oPRfukaBgLuLrk=

bson@^1.1.4:
  version "1.1.4"
  resolved "https://registry.npm.taobao.org/bson/download/bson-1.1.4.tgz#f76870d799f15b854dffb7ee32f0a874797f7e89"
  integrity sha1-92hw15nxW4VN/7fuMvCodHl/fok=

btoa@^1.2.1:
  version "1.2.1"
  resolved "https://registry.npm.taobao.org/btoa/download/btoa-1.2.1.tgz#01a9909f8b2c93f6bf680ba26131eb30f7fa3d73"
  integrity sha1-AamQn4ssk/a/aAuiYTHrMPf6PXM=

colors@~1.2.1:
  version "1.2.5"
  resolved "https://registry.npm.taobao.org/colors/download/colors-1.2.5.tgz#89c7ad9a374bc030df8013241f68136ed8835afc"
  integrity sha1-icetmjdLwDDfgBMkH2gTbtiDWvw=

combined-stream@^1.0.8:
  version "1.0.8"
  resolved "https://registry.npm.taobao.org/combined-stream/download/combined-stream-1.0.8.tgz#c3d45a8b34fd730631a110a8a2520682b31d5a7f"
  integrity sha1-w9RaizT9cwYxoRCoolIGgrMdWn8=
  dependencies:
    delayed-stream "~1.0.0"

commander@^2.7.1:
  version "2.20.3"
  resolved "https://registry.npm.taobao.org/commander/download/commander-2.20.3.tgz?cache=0&sync_timestamp=1587781596778&other_urls=https%3A%2F%2Fregistry.npm.taobao.org%2Fcommander%2Fdownload%2Fcommander-2.20.3.tgz#fd485e84c03eb4881c20722ba48035e8531aeb33"
  integrity sha1-/UhehMA+tIgcIHIrpIA16FMa6zM=

cookie@^0.4.1:
  version "0.4.1"
  resolved "https://registry.npm.taobao.org/cookie/download/cookie-0.4.1.tgz#afd713fe26ebd21ba95ceb61f9a8116e50a537d1"
  integrity sha1-r9cT/ibr0hupXOth+agRblClN9E=

core-util-is@~1.0.0:
  version "1.0.2"
  resolved "https://registry.yarnpkg.com/core-util-is/-/core-util-is-1.0.2.tgz#b5fd54220aa2bc5ab57aab7140c940754503c1a7"
  integrity sha1-tf1UIgqivFq1eqtxQMlAdUUDwac=

debug@3.1.0:
  version "3.1.0"
  resolved "https://registry.npm.taobao.org/debug/download/debug-3.1.0.tgz#5bb5a0672628b64149566ba16819e61518c67261"
  integrity sha1-W7WgZyYotkFJVmuhaBnmFRjGcmE=
  dependencies:
    ms "2.0.0"

delayed-stream@~1.0.0:
  version "1.0.0"
  resolved "https://registry.npm.taobao.org/delayed-stream/download/delayed-stream-1.0.0.tgz#df3ae199acadfb7d440aaae0b29e2272b24ec619"
  integrity sha1-3zrhmayt+31ECqrgsp4icrJOxhk=

denque@^1.4.1:
  version "1.4.1"
  resolved "https://registry.npm.taobao.org/denque/download/denque-1.4.1.tgz#6744ff7641c148c3f8a69c307e51235c1f4a37cf"
  integrity sha1-Z0T/dkHBSMP4ppwwflEjXB9KN88=

event-target-shim@^5.0.0:
  version "5.0.1"
  resolved "https://registry.npm.taobao.org/event-target-shim/download/event-target-shim-5.0.1.tgz#5d4d3ebdf9583d63a5333ce2deb7480ab2b05789"
  integrity sha1-XU0+vflYPWOlMzzi3rdICrKwV4k=

form-data@^3.0.0:
  version "3.0.0"
  resolved "https://registry.npm.taobao.org/form-data/download/form-data-3.0.0.tgz?cache=0&sync_timestamp=1573027118125&other_urls=https%3A%2F%2Fregistry.npm.taobao.org%2Fform-data%2Fdownload%2Fform-data-3.0.0.tgz#31b7e39c85f1355b7139ee0c647cf0de7f83c682"
  integrity sha1-MbfjnIXxNVtxOe4MZHzw3n+DxoI=
  dependencies:
    asynckit "^0.4.0"
    combined-stream "^1.0.8"
    mime-types "^2.1.12"

fs-extra@^9.0.1:
  version "9.0.1"
  resolved "https://registry.npm.taobao.org/fs-extra/download/fs-extra-9.0.1.tgz#910da0062437ba4c39fedd863f1675ccfefcb9fc"
  integrity sha1-kQ2gBiQ3ukw5/t2GPxZ1zP78ufw=
  dependencies:
    at-least-node "^1.0.0"
    graceful-fs "^4.2.0"
    jsonfile "^6.0.1"
    universalify "^1.0.0"

fs-extra@~7.0.1:
  version "7.0.1"
  resolved "https://registry.npm.taobao.org/fs-extra/download/fs-extra-7.0.1.tgz#4f189c44aa123b895f722804f55ea23eadc348e9"
  integrity sha1-TxicRKoSO4lfcigE9V6iPq3DSOk=
  dependencies:
    graceful-fs "^4.1.2"
    jsonfile "^4.0.0"
    universalify "^0.1.0"

graceful-fs@^4.1.2, graceful-fs@^4.1.6, graceful-fs@^4.2.0:
  version "4.2.4"
  resolved "https://registry.npm.taobao.org/graceful-fs/download/graceful-fs-4.2.4.tgz?cache=0&sync_timestamp=1588086876757&other_urls=https%3A%2F%2Fregistry.npm.taobao.org%2Fgraceful-fs%2Fdownload%2Fgraceful-fs-4.2.4.tgz#2256bde14d3632958c465ebc96dc467ca07a29fb"
  integrity sha1-Ila94U02MpWMRl68ltxGfKB6Kfs=

inherits@~2.0.3:
  version "2.0.4"
  resolved "https://registry.yarnpkg.com/inherits/-/inherits-2.0.4.tgz#0fa2c64f932917c3433a0ded55363aae37416b7c"
  integrity sha512-k/vGaX4/Yla3WzyMCvTQOXYeIHvqOKtnqBduzTHpzpQZzAskKMhZ2K+EnBiSM9zGSoIFeMpXKxa4dYeZIQqewQ==

isarray@~1.0.0:
  version "1.0.0"
  resolved "https://registry.yarnpkg.com/isarray/-/isarray-1.0.0.tgz#bb935d48582cba168c06834957a54a3e07124f11"
  integrity sha1-u5NdSFgsuhaMBoNJV6VKPgcSTxE=

jju@~1.4.0:
  version "1.4.0"
  resolved "https://registry.npm.taobao.org/jju/download/jju-1.4.0.tgz#a3abe2718af241a2b2904f84a625970f389ae32a"
  integrity sha1-o6vicYryQaKykE+EpiWXDzia4yo=

jsonfile@^4.0.0:
  version "4.0.0"
  resolved "https://registry.npm.taobao.org/jsonfile/download/jsonfile-4.0.0.tgz#8771aae0799b64076b76640fca058f9c10e33ecb"
  integrity sha1-h3Gq4HmbZAdrdmQPygWPnBDjPss=
  optionalDependencies:
    graceful-fs "^4.1.6"

jsonfile@^6.0.1:
  version "6.0.1"
  resolved "https://registry.npm.taobao.org/jsonfile/download/jsonfile-6.0.1.tgz#98966cba214378c8c84b82e085907b40bf614179"
  integrity sha1-mJZsuiFDeMjIS4LghZB7QL9hQXk=
  dependencies:
    universalify "^1.0.0"
  optionalDependencies:
    graceful-fs "^4.1.6"

kareem@2.3.1:
  version "2.3.1"
  resolved "https://registry.npm.taobao.org/kareem/download/kareem-2.3.1.tgz#def12d9c941017fabfb00f873af95e9c99e1be87"
  integrity sha1-3vEtnJQQF/q/sA+HOvlenJnhvoc=

lodash.get@^4.0.0:
  version "4.4.2"
  resolved "https://registry.npm.taobao.org/lodash.get/download/lodash.get-4.4.2.tgz#2d177f652fa31e939b4438d5341499dfa3825e99"
  integrity sha1-LRd/ZS+jHpObRDjVNBSZ36OCXpk=

lodash.isequal@^4.0.0:
  version "4.5.0"
  resolved "https://registry.npm.taobao.org/lodash.isequal/download/lodash.isequal-4.5.0.tgz#415c4478f2bcc30120c22ce10ed3226f7d3e18e0"
  integrity sha1-QVxEePK8wwEgwizhDtMib30+GOA=

lodash@~4.17.15:
  version "4.17.19"
  resolved "https://registry.yarnpkg.com/lodash/-/lodash-4.17.19.tgz#e48ddedbe30b3321783c5b4301fbd353bc1e4a4b"
  integrity sha512-JNvd8XER9GQX0v2qJgsaN/mzFCNA5BRe/j8JN9d+tWyGLSodKQHKFicdwNYzWwI3wjRnaKPsGj1XkBjx/F96DQ==

memory-pager@^1.0.2:
  version "1.5.0"
  resolved "https://registry.npm.taobao.org/memory-pager/download/memory-pager-1.5.0.tgz#d8751655d22d384682741c972f2c3d6dfa3e66b5"
  integrity sha1-2HUWVdItOEaCdByXLyw9bfo+ZrU=

mime-db@1.44.0:
  version "1.44.0"
  resolved "https://registry.npm.taobao.org/mime-db/download/mime-db-1.44.0.tgz?cache=0&sync_timestamp=1587603398892&other_urls=https%3A%2F%2Fregistry.npm.taobao.org%2Fmime-db%2Fdownload%2Fmime-db-1.44.0.tgz#fa11c5eb0aca1334b4233cb4d52f10c5a6272f92"
  integrity sha1-+hHF6wrKEzS0Izy01S8QxaYnL5I=

mime-types@^2.1.12:
  version "2.1.27"
  resolved "https://registry.npm.taobao.org/mime-types/download/mime-types-2.1.27.tgz?cache=0&sync_timestamp=1587700357177&other_urls=https%3A%2F%2Fregistry.npm.taobao.org%2Fmime-types%2Fdownload%2Fmime-types-2.1.27.tgz#47949f98e279ea53119f5722e0f34e529bec009f"
  integrity sha1-R5SfmOJ56lMRn1ci4PNOUpvsAJ8=
  dependencies:
    mime-db "1.44.0"

mongodb@3.5.9:
  version "3.5.9"
  resolved "https://registry.npm.taobao.org/mongodb/download/mongodb-3.5.9.tgz?cache=0&sync_timestamp=1591968030609&other_urls=https%3A%2F%2Fregistry.npm.taobao.org%2Fmongodb%2Fdownload%2Fmongodb-3.5.9.tgz#799b72be8110b7e71a882bb7ce0d84d05429f772"
  integrity sha1-eZtyvoEQt+caiCu3zg2E0FQp93I=
  dependencies:
    bl "^2.2.0"
    bson "^1.1.4"
    denque "^1.4.1"
    require_optional "^1.0.1"
    safe-buffer "^5.1.2"
  optionalDependencies:
    saslprep "^1.0.0"

mongoose-legacy-pluralize@1.0.2:
  version "1.0.2"
  resolved "https://registry.npm.taobao.org/mongoose-legacy-pluralize/download/mongoose-legacy-pluralize-1.0.2.tgz#3ba9f91fa507b5186d399fb40854bff18fb563e4"
  integrity sha1-O6n5H6UHtRhtOZ+0CFS/8Y+1Y+Q=

mongoose@^5.9.20:
  version "5.9.20"
  resolved "https://registry.npm.taobao.org/mongoose/download/mongoose-5.9.20.tgz?cache=0&sync_timestamp=1592865328656&other_urls=https%3A%2F%2Fregistry.npm.taobao.org%2Fmongoose%2Fdownload%2Fmongoose-5.9.20.tgz#975255196104ce760386ab439b1dad43caae23b5"
  integrity sha1-l1JVGWEEznYDhqtDmx2tQ8quI7U=
  dependencies:
    bson "^1.1.4"
    kareem "2.3.1"
    mongodb "3.5.9"
    mongoose-legacy-pluralize "1.0.2"
    mpath "0.7.0"
    mquery "3.2.2"
    ms "2.1.2"
    regexp-clone "1.0.0"
    safe-buffer "5.1.2"
    sift "7.0.1"
    sliced "1.0.1"

mpath@0.7.0:
  version "0.7.0"
  resolved "https://registry.npm.taobao.org/mpath/download/mpath-0.7.0.tgz#20e8102e276b71709d6e07e9f8d4d0f641afbfb8"
  integrity sha1-IOgQLidrcXCdbgfp+NTQ9kGvv7g=

mquery@3.2.2:
  version "3.2.2"
  resolved "https://registry.npm.taobao.org/mquery/download/mquery-3.2.2.tgz#e1383a3951852ce23e37f619a9b350f1fb3664e7"
  integrity sha1-4Tg6OVGFLOI+N/YZqbNQ8fs2ZOc=
  dependencies:
    bluebird "3.5.1"
    debug "3.1.0"
    regexp-clone "^1.0.0"
    safe-buffer "5.1.2"
    sliced "1.0.1"

ms@2.0.0:
  version "2.0.0"
  resolved "https://registry.npm.taobao.org/ms/download/ms-2.0.0.tgz?cache=0&other_urls=https%3A%2F%2Fregistry.npm.taobao.org%2Fms%2Fdownload%2Fms-2.0.0.tgz#5608aeadfc00be6c2901df5f9861788de0d597c8"
  integrity sha1-VgiurfwAvmwpAd9fmGF4jeDVl8g=

ms@2.1.2:
  version "2.1.2"
  resolved "https://registry.npm.taobao.org/ms/download/ms-2.1.2.tgz?cache=0&other_urls=https%3A%2F%2Fregistry.npm.taobao.org%2Fms%2Fdownload%2Fms-2.1.2.tgz#d09d1f357b443f493382a8eb3ccd183872ae6009"
  integrity sha1-0J0fNXtEP0kzgqjrPM0YOHKuYAk=

node-fetch@^2.6.1:
  version "2.6.1"
  resolved "https://registry.npm.taobao.org/node-fetch/download/node-fetch-2.6.1.tgz#045bd323631f76ed2e2b55573394416b639a0052"
  integrity sha1-BFvTI2Mfdu0uK1VXM5RBa2OaAFI=

path-parse@^1.0.6:
  version "1.0.6"
  resolved "https://registry.npm.taobao.org/path-parse/download/path-parse-1.0.6.tgz#d62dbb5679405d72c4737ec58600e9ddcf06d24c"
  integrity sha1-1i27VnlAXXLEc37FhgDp3c8G0kw=

prettier@^2.0.5:
  version "2.0.5"
  resolved "https://registry.npm.taobao.org/prettier/download/prettier-2.0.5.tgz#d6d56282455243f2f92cc1716692c08aa31522d4"
  integrity sha1-1tVigkVSQ/L5LMFxZpLAiqMVItQ=

process-nextick-args@~2.0.0:
  version "2.0.1"
  resolved "https://registry.yarnpkg.com/process-nextick-args/-/process-nextick-args-2.0.1.tgz#7820d9b16120cc55ca9ae7792680ae7dba6d7fe2"
  integrity sha512-3ouUOpQhtgrbOa17J7+uxOTpITYWaGP7/AhoR3+A+/1e9skrzelGi/dXzEYyvbxubEF6Wn2ypscTKiKJFFn1ag==

readable-stream@^2.3.5:
  version "2.3.7"
  resolved "https://registry.yarnpkg.com/readable-stream/-/readable-stream-2.3.7.tgz#1eca1cf711aef814c04f62252a36a62f6cb23b57"
  integrity sha512-Ebho8K4jIbHAxnuxi7o42OrZgF/ZTNcsZj6nRKyUmkhLFq8CHItp/fy6hQZuZmP/n3yZ9VBUbp4zz/mX8hmYPw==
  dependencies:
    core-util-is "~1.0.0"
    inherits "~2.0.3"
    isarray "~1.0.0"
    process-nextick-args "~2.0.0"
    safe-buffer "~5.1.1"
    string_decoder "~1.1.1"
    util-deprecate "~1.0.1"

regexp-clone@1.0.0, regexp-clone@^1.0.0:
  version "1.0.0"
  resolved "https://registry.npm.taobao.org/regexp-clone/download/regexp-clone-1.0.0.tgz#222db967623277056260b992626354a04ce9bf63"
  integrity sha1-Ii25Z2IydwViYLmSYmNUoEzpv2M=

require_optional@^1.0.1:
  version "1.0.1"
  resolved "https://registry.npm.taobao.org/require_optional/download/require_optional-1.0.1.tgz#4cf35a4247f64ca3df8c2ef208cc494b1ca8fc2e"
  integrity sha1-TPNaQkf2TKPfjC7yCMxJSxyo/C4=
  dependencies:
    resolve-from "^2.0.0"
    semver "^5.1.0"

resolve-from@^2.0.0:
  version "2.0.0"
  resolved "https://registry.npm.taobao.org/resolve-from/download/resolve-from-2.0.0.tgz#9480ab20e94ffa1d9e80a804c7ea147611966b57"
  integrity sha1-lICrIOlP+h2egKgEx+oUdhGWa1c=

resolve@~1.17.0:
  version "1.17.0"
  resolved "https://registry.npm.taobao.org/resolve/download/resolve-1.17.0.tgz?cache=0&other_urls=https%3A%2F%2Fregistry.npm.taobao.org%2Fresolve%2Fdownload%2Fresolve-1.17.0.tgz#b25941b54968231cc2d1bb76a79cb7f2c0bf8444"
  integrity sha1-sllBtUloIxzC0bt2p5y38sC/hEQ=
  dependencies:
    path-parse "^1.0.6"

safe-buffer@5.1.2, safe-buffer@~5.1.0, safe-buffer@~5.1.1:
  version "5.1.2"
  resolved "https://registry.npm.taobao.org/safe-buffer/download/safe-buffer-5.1.2.tgz#991ec69d296e0313747d59bdfd2b745c35f8828d"
  integrity sha1-mR7GnSluAxN0fVm9/St0XDX4go0=

safe-buffer@^5.1.1, safe-buffer@^5.1.2:
  version "5.2.1"
  resolved "https://registry.npm.taobao.org/safe-buffer/download/safe-buffer-5.2.1.tgz#1eaf9fa9bdb1fdd4ec75f58f9cdb4e6b7827eec6"
  integrity sha1-Hq+fqb2x/dTsdfWPnNtOa3gn7sY=

saslprep@^1.0.0:
  version "1.0.3"
  resolved "https://registry.npm.taobao.org/saslprep/download/saslprep-1.0.3.tgz#4c02f946b56cf54297e347ba1093e7acac4cf226"
  integrity sha1-TAL5RrVs9UKX40e6EJPnrKxM8iY=
  dependencies:
    sparse-bitfield "^3.0.3"

semver@^5.1.0:
  version "5.7.1"
  resolved "https://registry.npm.taobao.org/semver/download/semver-5.7.1.tgz#a954f931aeba508d307bbf069eff0c01c96116f7"
  integrity sha1-qVT5Ma66UI0we78Gnv8MAclhFvc=

semver@~5.3.0:
  version "5.3.0"
  resolved "https://registry.npm.taobao.org/semver/download/semver-5.3.0.tgz#9b2ce5d3de02d17c6012ad326aa6b4d0cf54f94f"
  integrity sha1-myzl094C0XxgEq0yaqa00M9U+U8=

sift@7.0.1:
  version "7.0.1"
  resolved "https://registry.npm.taobao.org/sift/download/sift-7.0.1.tgz?cache=0&sync_timestamp=1591372004164&other_urls=https%3A%2F%2Fregistry.npm.taobao.org%2Fsift%2Fdownload%2Fsift-7.0.1.tgz#47d62c50b159d316f1372f8b53f9c10cd21a4b08"
  integrity sha1-R9YsULFZ0xbxNy+LU/nBDNIaSwg=

sliced@1.0.1:
  version "1.0.1"
  resolved "https://registry.npm.taobao.org/sliced/download/sliced-1.0.1.tgz#0b3a662b5d04c3177b1926bea82b03f837a2ef41"
  integrity sha1-CzpmK10Ewxd7GSa+qCsD+Dei70E=

source-map@~0.6.1:
  version "0.6.1"
  resolved "https://registry.npm.taobao.org/source-map/download/source-map-0.6.1.tgz#74722af32e9614e9c287a8d0bbde48b5e2f1a263"
  integrity sha1-dHIq8y6WFOnCh6jQu95IteLxomM=

sparse-bitfield@^3.0.3:
  version "3.0.3"
  resolved "https://registry.npm.taobao.org/sparse-bitfield/download/sparse-bitfield-3.0.3.tgz#ff4ae6e68656056ba4b3e792ab3334d38273ca11"
  integrity sha1-/0rm5oZWBWuks+eSqzM004JzyhE=
  dependencies:
    memory-pager "^1.0.2"

sprintf-js@~1.0.2:
  version "1.0.3"
  resolved "https://registry.npm.taobao.org/sprintf-js/download/sprintf-js-1.0.3.tgz?cache=0&other_urls=https%3A%2F%2Fregistry.npm.taobao.org%2Fsprintf-js%2Fdownload%2Fsprintf-js-1.0.3.tgz#04e6926f662895354f3dd015203633b857297e2c"
  integrity sha1-BOaSb2YolTVPPdAVIDYzuFcpfiw=

string_decoder@~1.1.1:
  version "1.1.1"
  resolved "https://registry.yarnpkg.com/string_decoder/-/string_decoder-1.1.1.tgz#9cf1611ba62685d7030ae9e4ba34149c3af03fc8"
  integrity sha512-n/ShnvDi6FHbbVfviro+WojiFzv+s8MPMHBczVePfUpDJLwoLT0ht1l4YwBCbi8pJAveEEdnkHyPyTP/mzRfwg==
  dependencies:
    safe-buffer "~5.1.0"

timsort@~0.3.0:
  version "0.3.0"
  resolved "https://registry.npm.taobao.org/timsort/download/timsort-0.3.0.tgz#405411a8e7e6339fe64db9a234de11dc31e02bd4"
  integrity sha1-QFQRqOfmM5/mTbmiNN4R3DHgK9Q=

tslib@^2.0.0:
  version "2.0.0"
  resolved "https://registry.npm.taobao.org/tslib/download/tslib-2.0.0.tgz#18d13fc2dce04051e20f074cc8387fd8089ce4f3"
  integrity sha1-GNE/wtzgQFHiDwdMyDh/2Aic5PM=

typescript@^4.0.3:
  version "4.0.3"
  resolved "https://registry.npm.taobao.org/typescript/download/typescript-4.0.3.tgz?cache=0&sync_timestamp=1601536996637&other_urls=https%3A%2F%2Fregistry.npm.taobao.org%2Ftypescript%2Fdownload%2Ftypescript-4.0.3.tgz#153bbd468ef07725c1df9c77e8b453f8d36abba5"
  integrity sha1-FTu9Ro7wdyXB35x36LRT+NNqu6U=

typescript@~3.7.2:
  version "3.7.5"
  resolved "https://registry.npm.taobao.org/typescript/download/typescript-3.7.5.tgz#0692e21f65fd4108b9330238aac11dd2e177a1ae"
  integrity sha1-BpLiH2X9QQi5MwI4qsEd0uF3oa4=

universalify@^0.1.0:
  version "0.1.2"
  resolved "https://registry.npm.taobao.org/universalify/download/universalify-0.1.2.tgz?cache=0&sync_timestamp=1583531006552&other_urls=https%3A%2F%2Fregistry.npm.taobao.org%2Funiversalify%2Fdownload%2Funiversalify-0.1.2.tgz#b646f69be3942dabcecc9d6639c80dc105efaa66"
  integrity sha1-tkb2m+OULavOzJ1mOcgNwQXvqmY=

universalify@^1.0.0:
  version "1.0.0"
  resolved "https://registry.npm.taobao.org/universalify/download/universalify-1.0.0.tgz#b61a1da173e8435b2fe3c67d29b9adf8594bd16d"
  integrity sha1-thodoXPoQ1sv48Z9Kbmt+FlL0W0=

util-deprecate@~1.0.1:
  version "1.0.2"
  resolved "https://registry.yarnpkg.com/util-deprecate/-/util-deprecate-1.0.2.tgz#450d4dc9fa70de732762fbd2d4a28981419a0ccf"
  integrity sha1-RQ1Nyfpw3nMnYvvS1KKJgUGaDM8=

validator@^8.0.0:
  version "8.2.0"
  resolved "https://registry.npm.taobao.org/validator/download/validator-8.2.0.tgz#3c1237290e37092355344fef78c231249dab77b9"
  integrity sha1-PBI3KQ43CSNVNE/veMIxJJ2rd7k=

z-schema@~3.18.3:
  version "3.18.4"
  resolved "https://registry.npm.taobao.org/z-schema/download/z-schema-3.18.4.tgz?cache=0&sync_timestamp=1587719929651&other_urls=https%3A%2F%2Fregistry.npm.taobao.org%2Fz-schema%2Fdownload%2Fz-schema-3.18.4.tgz#ea8132b279533ee60be2485a02f7e3e42541a9a2"
  integrity sha1-6oEysnlTPuYL4khaAvfj5CVBqaI=
  dependencies:
    lodash.get "^4.0.0"
    lodash.isequal "^4.0.0"
    validator "^8.0.0"
  optionalDependencies:
    commander "^2.7.1"
